
Microsoft Visual Studio Solution File, Format Version 12.00
# Visual Studio Version 17
VisualStudioVersion = 17.5.002.0
MinimumVisualStudioVersion = 10.0.40219.1
Project("{9A19103F-16F7-4668-BE54-9A1E7A4F7556}") = "dotnetcoresample", "dotnetcore-docs-hello-world-main\dotnetcoresample.csproj", "{02F08D39-9DEF-4642-A22D-7F1A5856B7D8}"
EndProject
Global
	GlobalSection(SolutionConfigurationPlatforms) = preSolution
		Debug|Any CPU = Debug|Any CPU
		Release|Any CPU = Release|Any CPU
	EndGlobalSection
	GlobalSection(ProjectConfigurationPlatforms) = postSolution
		{02F08D39-9DEF-4642-A22D-7F1A5856B7D8}.Debug|Any CPU.ActiveCfg = Debug|Any CPU
		{02F08D39-9DEF-4642-A22D-7F1A5856B7D8}.Debug|Any CPU.Build.0 = Debug|Any CPU
		{02F08D39-9DEF-4642-A22D-7F1A5856B7D8}.Release|Any CPU.ActiveCfg = Release|Any CPU
		{02F08D39-9DEF-4642-A22D-7F1A5856B7D8}.Release|Any CPU.Build.0 = Release|Any CPU
	EndGlobalSection
	GlobalSection(SolutionProperties) = preSolution
		HideSolutionNode = FALSE
	EndGlobalSection
	GlobalSection(ExtensibilityGlobals) = postSolution
		SolutionGuid = {C36C510E-1EC2-42FE-9CA2-A069CE29FBC0}
	EndGlobalSection
EndGlobal
